// !$*UTF8*$!
{
	archiveVersion = 1;
	classes = {
	};
	objectVersion = 50;
	objects = {

/* Begin PBXBuildFile section */
		64227B9C23543F61003F9335 /* AppDelegate.swift in Sources */ = {isa = PBXBuildFile; fileRef = 64227B9B23543F61003F9335 /* AppDelegate.swift */; };
		64227B9E23543F61003F9335 /* ViewController.swift in Sources */ = {isa = PBXBuildFile; fileRef = 64227B9D23543F61003F9335 /* ViewController.swift */; };
		64227BA123543F61003F9335 /* Main.storyboard in Resources */ = {isa = PBXBuildFile; fileRef = 64227B9F23543F61003F9335 /* Main.storyboard */; };
		64227BA323543F62003F9335 /* Assets.xcassets in Resources */ = {isa = PBXBuildFile; fileRef = 64227BA223543F62003F9335 /* Assets.xcassets */; };
		64227BA623543F62003F9335 /* LaunchScreen.storyboard in Resources */ = {isa = PBXBuildFile; fileRef = 64227BA423543F62003F9335 /* LaunchScreen.storyboard */; };
		64227BAF23543F6C003F9335 /* MapKit.framework in Frameworks */ = {isa = PBXBuildFile; fileRef = 64227BAE23543F6C003F9335 /* MapKit.framework */; };
/* End PBXBuildFile section */

/* Begin PBXFileReference section */
		64227B9823543F61003F9335 /* simpleGeocoding02.app */ = {isa = PBXFileReference; explicitFileType = wrapper.application; includeInIndex = 0; path = simpleGeocoding02.app; sourceTree = BUILT_PRODUCTS_DIR; };
		64227B9B23543F61003F9335 /* AppDelegate.swift */ = {isa = PBXFileReference; lastKnownFileType = sourcecode.swift; path = AppDelegate.swift; sourceTree = "<group>"; };
		64227B9D23543F61003F9335 /* ViewController.swift */ = {isa = PBXFileReference; lastKnownFileType = sourcecode.swift; path = ViewController.swift; sourceTree = "<group>"; };
		64227BA023543F61003F9335 /* Base */ = {isa = PBXFileReference; lastKnownFileType = file.storyboard; name = Base; path = Base.lproj/Main.storyboard; sourceTree = "<group>"; };
		64227BA223543F62003F9335 /* Assets.xcassets */ = {isa = PBXFileReference; lastKnownFileType = folder.assetcatalog; path = Assets.xcassets; sourceTree = "<group>"; };
		64227BA523543F62003F9335 /* Base */ = {isa = PBXFileReference; lastKnownFileType = file.storyboard; name = Base; path = Base.lproj/LaunchScreen.storyboard; sourceTree = "<group>"; };
		64227BA723543F62003F9335 /* Info.plist */ = {isa = PBXFileReference; lastKnownFileType = text.plist.xml; path = Info.plist; sourceTree = "<group>"; };
		64227BAE23543F6C003F9335 /* MapKit.framework */ = {isa = PBXFileReference; lastKnownFileType = wrapper.framework; name = MapKit.framework; path = System/Library/Frameworks/MapKit.framework; sourceTree = SDKROOT; };
/* End PBXFileReference section */

/* Begin PBXFrameworksBuildPhase section */
		64227B9523543F61003F9335 /* Frameworks */ = {
			isa = PBXFrameworksBuildPhase;
			buildActionMask = 2147483647;
			files = (
				64227BAF23543F6C003F9335 /* MapKit.framework in Frameworks */,
			);
			runOnlyForDeploymentPostprocessing = 0;
		};
/* End PBXFrameworksBuildPhase section */

/* Begin PBXGroup section */
		64227B8F23543F61003F9335 = {
			isa = PBXGroup;
			children = (
				64227B9A23543F61003F9335 /* simpleGeocoding02 */,
				64227B9923543F61003F9335 /* Products */,
				64227BAD23543F6C003F9335 /* Frameworks */,
			);
			sourceTree = "<group>";
		};
		64227B9923543F61003F9335 /* Products */ = {
			isa = PBXGroup;
			children = (
				64227B9823543F61003F9335 /* simpleGeocoding02.app */,
			);
			name = Products;
			sourceTree = "<group>";
		};
		64227B9A23543F61003F9335 /* simpleGeocoding02 */ = {
			isa = PBXGroup;
			children = (
				64227B9B23543F61003F9335 /* AppDelegate.swift */,
				64227B9D23543F61003F9335 /* ViewController.swift */,
				64227B9F23543F61003F9335 /* Main.storyboard */,
				64227BA223543F62003F9335 /* Assets.xcassets */,
				64227BA423543F62003F9335 /* LaunchScreen.storyboard */,
				64227BA723543F62003F9335 /* Info.plist */,
			);
			path = simpleGeocoding02;
			sourceTree = "<group>";
		};
		64227BAD23543F6C003F9335 /* Frameworks */ = {
			isa = PBXGroup;
			children = (
				64227BAE23543F6C003F9335 /* MapKit.framework */,
			);
			name = Frameworks;
			sourceTree = "<group>";
		};
/* End PBXGroup section */

/* Begin PBXNativeTarget section */
		64227B9723543F61003F9335 /* simpleGeocoding02 */ = {
			isa = PBXNativeTarget;
			buildConfigurationList = 64227BAA23543F62003F9335 /* Build configuration list for PBXNativeTarget "simpleGeocoding02" */;
			buildPhases = (
				64227B9423543F61003F9335 /* Sources */,
				64227B9523543F61003F9335 /* Frameworks */,
				64227B9623543F61003F9335 /* Resources */,
			);
			buildRules = (
			);
			dependencies = (
			);
			name = simpleGeocoding02;
			productName = simpleGeocoding02;
			productReference = 64227B9823543F61003F9335 /* simpleGeocoding02.app */;
			productType = "com.apple.product-type.application";
		};
/* End PBXNativeTarget section */

/* Begin PBXProject section */
		64227B9023543F61003F9335 /* Project object */ = {
			isa = PBXProject;
			attributes = {
				LastSwiftUpdateCheck = 1010;
				LastUpgradeCheck = 1010;
				ORGANIZATIONNAME = Y;
				TargetAttributes = {
					64227B9723543F61003F9335 = {
						CreatedOnToolsVersion = 10.1;
					};
				};
			};
			buildConfigurationList = 64227B9323543F61003F9335 /* Build configuration list for PBXProject "simpleGeocoding02" */;
			compatibilityVersion = "Xcode 9.3";
			developmentRegion = en;
			hasScannedForEncodings = 0;
			knownRegions = (
				en,
				Base,
			);
			mainGroup = 64227B8F23543F61003F9335;
			productRefGroup = 64227B9923543F61003F9335 /* Products */;
			projectDirPath = "";
			projectRoot = "";
			targets = (
				64227B9723543F61003F9335 /* simpleGeocoding02 */,
			);
		};
/* End PBXProject section */

/* Begin PBXResourcesBuildPhase section */
		64227B9623543F61003F9335 /* Resources */ = {
			isa = PBXResourcesBuildPhase;
			buildActionMask = 2147483647;
			files = (
				64227BA623543F62003F9335 /* LaunchScreen.storyboard in Resources */,
				64227BA323543F62003F9335 /* Assets.xcassets in Resources */,
				64227BA123543F61003F9335 /* Main.storyboard in Resources */,
			);
			runOnlyForDeploymentPostprocessing = 0;
		};
/* End PBXResourcesBuildPhase section */

/* Begin PBXSourcesBuildPhase section */
		64227B9423543F61003F9335 /* Sources */ = {
			isa = PBXSourcesBuildPhase;
			buildActionMask = 2147483647;
			files = (
				64227B9E23543F61003F9335 /* ViewController.swift in Sources */,
				64227B9C23543F61003F9335 /* AppDelegate.swift in Sources */,
			);
			runOnlyForDeploymentPostprocessing = 0;
		};
/* End PBXSourcesBuildPhase section */

/* Begin PBXVariantGroup section */
		64227B9F23543F61003F9335 /* Main.storyboard */ = {
			isa = PBXVariantGroup;
			children = (
				64227BA023543F61003F9335 /* Base */,
			);
			name = Main.storyboard;
			sourceTree = "<group>";
		};
		64227BA423543F62003F9335 /* LaunchScreen.storyboard */ = {
			isa = PBXVariantGroup;
			children = (
				64227BA523543F62003F9335 /* Base */,
			);
			name = LaunchScreen.storyboard;
			sourceTree = "<group>";
		};
/* End PBXVariantGroup section */

/* Begin XCBuildConfiguration section */
		64227BA823543F62003F9335 /* Debug */ = {
			isa = XCBuildConfiguration;
			buildSettings = {
				ALWAYS_SEARCH_USER_PATHS = NO;
				CLANG_ANALYZER_NONNULL = YES;
				CLANG_ANALYZER_NUMBER_OBJECT_CONVERSION = YES_AGGRESSIVE;
				CLANG_CXX_LANGUAGE_STANDARD = "gnu++14";
				CLANG_CXX_LIBRARY = "libc++";
				CLANG_ENABLE_MODULES = YES;
				CLANG_ENABLE_OBJC_ARC = YES;
				CLANG_ENABLE_OBJC_WEAK = YES;
				CLANG_WARN_BLOCK_CAPTURE_AUTORELEASING = YES;
				CLANG_WARN_BOOL_CONVERSION = YES;
				CLANG_WARN_COMMA = YES;
				CLANG_WARN_CONSTANT_CONVERSION = YES;
				CLANG_WARN_DEPRECATED_OBJC_IMPLEMENTATIONS = YES;
				CLANG_WARN_DIRECT_OBJC_ISA_USAGE = YES_ERROR;
				CLANG_WARN_DOCUMENTATION_COMMENTS = YES;
				CLANG_WARN_EMPTY_BODY = YES;
				CLANG_WARN_ENUM_CONVERSION = YES;
				CLANG_WARN_INFINITE_RECURSION = YES;
				CLANG_WARN_INT_CONVERSION = YES;
				CLANG_WARN_NON_LITERAL_NULL_CONVERSION = YES;
				CLANG_WARN_OBJC_IMPLICIT_RETAIN_SELF = YES;
				CLANG_WARN_OBJC_LITERAL_CONVERSION = YES;
				CLANG_WARN_OBJC_ROOT_CLASS = YES_ERROR;
				CLANG_WARN_RANGE_LOOP_ANALYSIS = YES;
				CLANG_WARN_STRICT_PROTOTYPES = YES;
				CLANG_WARN_SUSPICIOUS_MOVE = YES;
				CLANG_WARN_UNGUARDED_AVAILABILITY = YES_AGGRESSIVE;
				CLANG_WARN_UNREACHABLE_CODE = YES;
				CLANG_WARN__DUPLICATE_METHOD_MATCH = YES;
				CODE_SIGN_IDENTITY = "iPhone Developer";
				COPY_PHASE_STRIP = NO;
				DEBUG_INFORMATION_FORMAT = dwarf;
				ENABLE_STRICT_OBJC_MSGSEND = YES;
				ENABLE_TESTABILITY = YES;
				GCC_C_LANGUAGE_STANDARD = gnu11;
				GCC_DYNAMIC_NO_PIC = NO;
				GCC_NO_COMMON_BLOCKS = YES;
				GCC_OPTIMIZATION_LEVEL = 0;
				GCC_PREPROCESSOR_DEFINITIONS = (
					"DEBUG=1",
					"$(inherited)",
				);
				GCC_WARN_64_TO_32_BIT_CONVERSION = YES;
				GCC_WARN_ABOUT_RETURN_TYPE = YES_ERROR;
				GCC_WARN_UNDECLARED_SELECTOR = YES;
				GCC_WARN_UNINITIALIZED_AUTOS = YES_AGGRESSIVE;
				GCC_WARN_UNUSED_FUNCTION = YES;
				GCC_WARN_UNUSED_VARIABLE = YES;
				IPHONEOS_DEPLOYMENT_TARGET = 12.1;
				MTL_ENABLE_DEBUG_INFO = INCLUDE_SOURCE;
				MTL_FAST_MATH = YES;
				ONLY_ACTIVE_ARCH = YES;
				SDKROOT = iphoneos;
				SWIFT_ACTIVE_COMPILATION_CONDITIONS = DEBUG;
				SWIFT_OPTIMIZATION_LEVEL = "-Onone";
			};
			name = Debug;
		};
		64227BA923543F62003F9335 /* Release */ = {
			isa = XCBuildConfiguration;
			buildSettings = {
				ALWAYS_SEARCH_USER_PATHS = NO;
				CLANG_ANALYZER_NONNULL = YES;
				CLANG_ANALYZER_NUMBER_OBJECT_CONVERSION = YES_AGGRESSIVE;
				CLANG_CXX_LANGUAGE_STANDARD = "gnu++14";
				CLANG_CXX_LIBRARY = "libc++";
				CLANG_ENABLE_MODULES = YES;
				CLANG_ENABLE_OBJC_ARC = YES;
				CLANG_ENABLE_OBJC_WEAK = YES;
				CLANG_WARN_BLOCK_CAPTURE_AUTORELEASING = YES;
				CLANG_WARN_BOOL_CONVERSION = YES;
				CLANG_WARN_COMMA = YES;
				CLANG_WARN_CONSTANT_CONVERSION = YES;
				CLANG_WARN_DEPRECATED_OBJC_IMPLEMENTATIONS = YES;
				CLANG_WARN_DIRECT_OBJC_ISA_USAGE = YES_ERROR;
				CLANG_WARN_DOCUMENTATION_COMMENTS = YES;
				CLANG_WARN_EMPTY_BODY = YES;
				CLANG_WARN_ENUM_CONVERSION = YES;
				CLANG_WARN_INFINITE_RECURSION = YES;
				CLANG_WARN_INT_CONVERSION = YES;
				CLANG_WARN_NON_LITERAL_NULL_CONVERSION = YES;
				CLANG_WARN_OBJC_IMPLICIT_RETAIN_SELF = YES;
				CLANG_WARN_OBJC_LITERAL_CONVERSION = YES;
				CLANG_WARN_OBJC_ROOT_CLASS = YES_ERROR;
				CLANG_WARN_RANGE_LOOP_ANALYSIS = YES;
				CLANG_WARN_STRICT_PROTOTYPES = YES;
				CLANG_WARN_SUSPICIOUS_MOVE = YES;
				CLANG_WARN_UNGUARDED_AVAILABILITY = YES_AGGRESSIVE;
				CLANG_WARN_UNREACHABLE_CODE = YES;
				CLANG_WARN__DUPLICATE_METHOD_MATCH = YES;
				CODE_SIGN_IDENTITY = "iPhone Developer";
				COPY_PHASE_STRIP = NO;
				DEBUG_INFORMATION_FORMAT = "dwarf-with-dsym";
				ENABLE_NS_ASSERTIONS = NO;
				ENABLE_STRICT_OBJC_MSGSEND = YES;
				GCC_C_LANGUAGE_STANDARD = gnu11;
				GCC_NO_COMMON_BLOCKS = YES;
				GCC_WARN_64_TO_32_BIT_CONVERSION = YES;
				GCC_WARN_ABOUT_RETURN_TYPE = YES_ERROR;
				GCC_WARN_UNDECLARED_SELECTOR = YES;
				GCC_WARN_UNINITIALIZED_AUTOS = YES_AGGRESSIVE;
				GCC_WARN_UNUSED_FUNCTION = YES;
				GCC_WARN_UNUSED_VARIABLE = YES;
				IPHONEOS_DEPLOYMENT_TARGET = 12.1;
				MTL_ENABLE_DEBUG_INFO = NO;
				MTL_FAST_MATH = YES;
				SDKROOT = iphoneos;
				SWIFT_COMPILATION_MODE = wholemodule;
				SWIFT_OPTIMIZATION_LEVEL = "-O";
				VALIDATE_PRODUCT = YES;
			};
			name = Release;
		};
		64227BAB23543F62003F9335 /* Debug */ = {
			isa = XCBuildConfiguration;
			buildSettings = {
				ASSETCATALOG_COMPILER_APPICON_NAME = AppIcon;
				CODE_SIGN_STYLE = Automatic;
				INFOPLIST_FILE = simpleGeocoding02/Info.plist;
				LD_RUNPATH_SEARCH_PATHS = (
					"$(inherited)",
					"@executable_path/Frameworks",
				);
				PRODUCT_BUNDLE_IDENTIFIER = Y.simpleGeocoding02;
				PRODUCT_NAME = "$(TARGET_NAME)";
				SWIFT_VERSION = 4.2;
				TARGETED_DEVICE_FAMILY = "1,2";
			};
			name = Debug;
		};
		64227BAC23543F62003F9335 /* Release */ = {
			isa = XCBuildConfiguration;
			buildSettings = {
				ASSETCATALOG_COMPILER_APPICON_NAME = AppIcon;
				CODE_SIGN_STYLE = Automatic;
				INFOPLIST_FILE = simpleGeocoding02/Info.plist;
				LD_RUNPATH_SEARCH_PATHS = (
					"$(inherited)",
					"@executable_path/Frameworks",
				);
				PRODUCT_BUNDLE_IDENTIFIER = Y.simpleGeocoding02;
				PRODUCT_NAME = "$(TARGET_NAME)";
				SWIFT_VERSION = 4.2;
				TARGETED_DEVICE_FAMILY = "1,2";
			};
			name = Release;
		};
/* End XCBuildConfiguration section */

/* Begin XCConfigurationList section */
		64227B9323543F61003F9335 /* Build configuration list for PBXProject "simpleGeocoding02" */ = {
			isa = XCConfigurationList;
			buildConfigurations = (
				64227BA823543F62003F9335 /* Debug */,
				64227BA923543F62003F9335 /* Release */,
			);
			defaultConfigurationIsVisible = 0;
			defaultConfigurationName = Release;
		};
		64227BAA23543F62003F9335 /* Build configuration list for PBXNativeTarget "simpleGeocoding02" */ = {
			isa = XCConfigurationList;
			buildConfigurations = (
				64227BAB23543F62003F9335 /* Debug */,
				64227BAC23543F62003F9335 /* Release */,
			);
			defaultConfigurationIsVisible = 0;
			defaultConfigurationName = Release;
		};
/* End XCConfigurationList section */
	};
	rootObject = 64227B9023543F61003F9335 /* Project object */;
}
